
Microsoft Visual Studio Solution File, Format Version 12.00
# Visual Studio 15
VisualStudioVersion = 15.0.28010.2050
MinimumVisualStudioVersion = 10.0.40219.1
Project("{FAE04EC0-301F-11D3-BF4B-00C04F79EFBC}") = "MusicApp", "MusicApp\MusicApp.csproj", "{F44F4BDD-CA69-4DCD-8679-1B75BF3699A0}"
EndProject
Global
	GlobalSection(SolutionConfigurationPlatforms) = preSolution
		Debug|Any CPU = Debug|Any CPU
		Release|Any CPU = Release|Any CPU
	EndGlobalSection
	GlobalSection(ProjectConfigurationPlatforms) = postSolution
		{F44F4BDD-CA69-4DCD-8679-1B75BF3699A0}.Debug|Any CPU.ActiveCfg = Debug|Any CPU
		{F44F4BDD-CA69-4DCD-8679-1B75BF3699A0}.Debug|Any CPU.Build.0 = Debug|Any CPU
		{F44F4BDD-CA69-4DCD-8679-1B75BF3699A0}.Release|Any CPU.ActiveCfg = Release|Any CPU
		{F44F4BDD-CA69-4DCD-8679-1B75BF3699A0}.Release|Any CPU.Build.0 = Release|Any CPU
	EndGlobalSection
	GlobalSection(SolutionProperties) = preSolution
		HideSolutionNode = FALSE
	EndGlobalSection
	GlobalSection(ExtensibilityGlobals) = postSolution
		SolutionGuid = {E3EB03D9-4494-4E51-B1D0-4A7983A03AC9}
	EndGlobalSection
EndGlobal
